
Microsoft Visual Studio Solution File, Format Version 12.00
# Visual Studio Version 16
VisualStudioVersion = 16.0.29519.181
MinimumVisualStudioVersion = 10.0.40219.1
Project("{FAE04EC0-301F-11D3-BF4B-00C04F79EFBC}") = "TotalLineLength", "TotalLineLength\TotalLineLength.csproj", "{4BE92406-D150-428C-ACB7-8FA4F7B17B9B}"
EndProject
Global
	GlobalSection(SolutionConfigurationPlatforms) = preSolution
		Debug|Any CPU = Debug|Any CPU
		Release|Any CPU = Release|Any CPU
	EndGlobalSection
	GlobalSection(ProjectConfigurationPlatforms) = postSolution
		{4BE92406-D150-428C-ACB7-8FA4F7B17B9B}.Debug|Any CPU.ActiveCfg = Debug|Any CPU
		{4BE92406-D150-428C-ACB7-8FA4F7B17B9B}.Debug|Any CPU.Build.0 = Debug|Any CPU
		{4BE92406-D150-428C-ACB7-8FA4F7B17B9B}.Release|Any CPU.ActiveCfg = Release|Any CPU
		{4BE92406-D150-428C-ACB7-8FA4F7B17B9B}.Release|Any CPU.Build.0 = Release|Any CPU
	EndGlobalSection
	GlobalSection(SolutionProperties) = preSolution
		HideSolutionNode = FALSE
	EndGlobalSection
	GlobalSection(ExtensibilityGlobals) = postSolution
		SolutionGuid = {646531BD-71AA-419F-A5BF-621C936AF1CF}
	EndGlobalSection
EndGlobal
